
Microsoft Visual Studio Solution File, Format Version 12.00
# Visual Studio Version 16
VisualStudioVersion = 16.0.30517.126
MinimumVisualStudioVersion = 10.0.40219.1
Project("{FAE04EC0-301F-11D3-BF4B-00C04F79EFBC}") = "Input_Output", "Input_Output.csproj", "{6B7CCD20-6F51-4BF6-8330-1F299034EAD9}"
EndProject
Project("{FAE04EC0-301F-11D3-BF4B-00C04F79EFBC}") = "peso_età_nome", "..\peso_età_nome\peso_età_nome.csproj", "{E33D39C0-0795-474C-A16F-F5DEA6951D15}"
EndProject
Global
	GlobalSection(SolutionConfigurationPlatforms) = preSolution
		Debug|Any CPU = Debug|Any CPU
		Release|Any CPU = Release|Any CPU
	EndGlobalSection
	GlobalSection(ProjectConfigurationPlatforms) = postSolution
		{6B7CCD20-6F51-4BF6-8330-1F299034EAD9}.Debug|Any CPU.ActiveCfg = Debug|Any CPU
		{6B7CCD20-6F51-4BF6-8330-1F299034EAD9}.Debug|Any CPU.Build.0 = Debug|Any CPU
		{6B7CCD20-6F51-4BF6-8330-1F299034EAD9}.Release|Any CPU.ActiveCfg = Release|Any CPU
		{6B7CCD20-6F51-4BF6-8330-1F299034EAD9}.Release|Any CPU.Build.0 = Release|Any CPU
		{E33D39C0-0795-474C-A16F-F5DEA6951D15}.Debug|Any CPU.ActiveCfg = Debug|Any CPU
		{E33D39C0-0795-474C-A16F-F5DEA6951D15}.Debug|Any CPU.Build.0 = Debug|Any CPU
		{E33D39C0-0795-474C-A16F-F5DEA6951D15}.Release|Any CPU.ActiveCfg = Release|Any CPU
		{E33D39C0-0795-474C-A16F-F5DEA6951D15}.Release|Any CPU.Build.0 = Release|Any CPU
	EndGlobalSection
	GlobalSection(SolutionProperties) = preSolution
		HideSolutionNode = FALSE
	EndGlobalSection
	GlobalSection(ExtensibilityGlobals) = postSolution
		SolutionGuid = {E194331C-34E2-4F7B-B505-254C6242E638}
	EndGlobalSection
EndGlobal
